
Microsoft Visual Studio Solution File, Format Version 12.00
# Visual Studio Version 17
VisualStudioVersion = 17.13.35825.156 d17.13
MinimumVisualStudioVersion = 10.0.40219.1
Project("{FAE04EC0-301F-11D3-BF4B-00C04F79EFBC}") = "LibraryManagementSystem", "LibraryManagementSystem\LibraryManagementSystem.csproj", "{CC26D266-F38D-4DF5-A45F-DD5656D1AB9F}"
EndProject
Global
	GlobalSection(SolutionConfigurationPlatforms) = preSolution
		Debug|Any CPU = Debug|Any CPU
		Release|Any CPU = Release|Any CPU
	EndGlobalSection
	GlobalSection(ProjectConfigurationPlatforms) = postSolution
		{CC26D266-F38D-4DF5-A45F-DD5656D1AB9F}.Debug|Any CPU.ActiveCfg = Debug|Any CPU
		{CC26D266-F38D-4DF5-A45F-DD5656D1AB9F}.Debug|Any CPU.Build.0 = Debug|Any CPU
		{CC26D266-F38D-4DF5-A45F-DD5656D1AB9F}.Release|Any CPU.ActiveCfg = Release|Any CPU
		{CC26D266-F38D-4DF5-A45F-DD5656D1AB9F}.Release|Any CPU.Build.0 = Release|Any CPU
	EndGlobalSection
	GlobalSection(SolutionProperties) = preSolution
		HideSolutionNode = FALSE
	EndGlobalSection
	GlobalSection(ExtensibilityGlobals) = postSolution
		SolutionGuid = {2D87FF8A-09D6-4225-840B-8CA9DD422A76}
	EndGlobalSection
EndGlobal
